// !$*UTF8*$!
{
	archiveVersion = 1;
	classes = {
	};
	objectVersion = 55;
	objects = {

/* Begin PBXBuildFile section */
		4069380EB3CFFB556EC3A6F8 /* Pods_Outstagram.framework in Frameworks */ = {isa = PBXBuildFile; fileRef = 2CB2EF13B5D7EB8A5730C6D1 /* Pods_Outstagram.framework */; };
		750E6B0C2775649300FA57FD /* TabBarController.swift in Sources */ = {isa = PBXBuildFile; fileRef = 750E6B0B2775649300FA57FD /* TabBarController.swift */; };
		750E6B0F2775690300FA57FD /* FeedTableViewCell.swift in Sources */ = {isa = PBXBuildFile; fileRef = 750E6B0E2775690300FA57FD /* FeedTableViewCell.swift */; };
		750E6B11277570FF00FA57FD /* UIButton+.swift in Sources */ = {isa = PBXBuildFile; fileRef = 750E6B10277570FF00FA57FD /* UIButton+.swift */; };
		750E6B15277595A500FA57FD /* ProfileViewController.swift in Sources */ = {isa = PBXBuildFile; fileRef = 750E6B14277595A500FA57FD /* ProfileViewController.swift */; };
		750E6B1727759B0800FA57FD /* ProfileDataView.swift in Sources */ = {isa = PBXBuildFile; fileRef = 750E6B1627759B0800FA57FD /* ProfileDataView.swift */; };
		750E6B192775A03200FA57FD /* ProfileCollectionViewCell.swift in Sources */ = {isa = PBXBuildFile; fileRef = 750E6B182775A03200FA57FD /* ProfileCollectionViewCell.swift */; };
		758FFCFB277AD95D00C7133D /* UploadViewController.swift in Sources */ = {isa = PBXBuildFile; fileRef = 758FFCFA277AD95D00C7133D /* UploadViewController.swift */; };
		75F5C77827743C8300841148 /* AppDelegate.swift in Sources */ = {isa = PBXBuildFile; fileRef = 75F5C77727743C8300841148 /* AppDelegate.swift */; };
		75F5C77A27743C8300841148 /* SceneDelegate.swift in Sources */ = {isa = PBXBuildFile; fileRef = 75F5C77927743C8300841148 /* SceneDelegate.swift */; };
		75F5C77C27743C8300841148 /* FeedViewController.swift in Sources */ = {isa = PBXBuildFile; fileRef = 75F5C77B27743C8300841148 /* FeedViewController.swift */; };
		75F5C78127743C8600841148 /* Assets.xcassets in Resources */ = {isa = PBXBuildFile; fileRef = 75F5C78027743C8600841148 /* Assets.xcassets */; };
		75F5C78427743C8600841148 /* LaunchScreen.storyboard in Resources */ = {isa = PBXBuildFile; fileRef = 75F5C78227743C8600841148 /* LaunchScreen.storyboard */; };
/* End PBXBuildFile section */

/* Begin PBXFileReference section */
		2CB2EF13B5D7EB8A5730C6D1 /* Pods_Outstagram.framework */ = {isa = PBXFileReference; explicitFileType = wrapper.framework; includeInIndex = 0; path = Pods_Outstagram.framework; sourceTree = BUILT_PRODUCTS_DIR; };
		750E6B0B2775649300FA57FD /* TabBarController.swift */ = {isa = PBXFileReference; lastKnownFileType = sourcecode.swift; path = TabBarController.swift; sourceTree = "<group>"; };
		750E6B0E2775690300FA57FD /* FeedTableViewCell.swift */ = {isa = PBXFileReference; lastKnownFileType = sourcecode.swift; path = FeedTableViewCell.swift; sourceTree = "<group>"; };
		750E6B10277570FF00FA57FD /* UIButton+.swift */ = {isa = PBXFileReference; lastKnownFileType = sourcecode.swift; path = "UIButton+.swift"; sourceTree = "<group>"; };
		750E6B14277595A500FA57FD /* ProfileViewController.swift */ = {isa = PBXFileReference; lastKnownFileType = sourcecode.swift; path = ProfileViewController.swift; sourceTree = "<group>"; };
		750E6B1627759B0800FA57FD /* ProfileDataView.swift */ = {isa = PBXFileReference; lastKnownFileType = sourcecode.swift; path = ProfileDataView.swift; sourceTree = "<group>"; };
		750E6B182775A03200FA57FD /* ProfileCollectionViewCell.swift */ = {isa = PBXFileReference; lastKnownFileType = sourcecode.swift; path = ProfileCollectionViewCell.swift; sourceTree = "<group>"; };
		758FFCFA277AD95D00C7133D /* UploadViewController.swift */ = {isa = PBXFileReference; lastKnownFileType = sourcecode.swift; path = UploadViewController.swift; sourceTree = "<group>"; };
		75F5C77427743C8300841148 /* Outstagram.app */ = {isa = PBXFileReference; explicitFileType = wrapper.application; includeInIndex = 0; path = Outstagram.app; sourceTree = BUILT_PRODUCTS_DIR; };
		75F5C77727743C8300841148 /* AppDelegate.swift */ = {isa = PBXFileReference; lastKnownFileType = sourcecode.swift; path = AppDelegate.swift; sourceTree = "<group>"; };
		75F5C77927743C8300841148 /* SceneDelegate.swift */ = {isa = PBXFileReference; lastKnownFileType = sourcecode.swift; path = SceneDelegate.swift; sourceTree = "<group>"; };
		75F5C77B27743C8300841148 /* FeedViewController.swift */ = {isa = PBXFileReference; lastKnownFileType = sourcecode.swift; path = FeedViewController.swift; sourceTree = "<group>"; };
		75F5C78027743C8600841148 /* Assets.xcassets */ = {isa = PBXFileReference; lastKnownFileType = folder.assetcatalog; path = Assets.xcassets; sourceTree = "<group>"; };
		75F5C78327743C8600841148 /* Base */ = {isa = PBXFileReference; lastKnownFileType = file.storyboard; name = Base; path = Base.lproj/LaunchScreen.storyboard; sourceTree = "<group>"; };
		75F5C78527743C8600841148 /* Info.plist */ = {isa = PBXFileReference; lastKnownFileType = text.plist.xml; path = Info.plist; sourceTree = "<group>"; };
		F2C01FB3718D68ACD74B8D9E /* Pods-Outstagram.release.xcconfig */ = {isa = PBXFileReference; includeInIndex = 1; lastKnownFileType = text.xcconfig; name = "Pods-Outstagram.release.xcconfig"; path = "Target Support Files/Pods-Outstagram/Pods-Outstagram.release.xcconfig"; sourceTree = "<group>"; };
		F3A1AC708762202524684F5D /* Pods-Outstagram.debug.xcconfig */ = {isa = PBXFileReference; includeInIndex = 1; lastKnownFileType = text.xcconfig; name = "Pods-Outstagram.debug.xcconfig"; path = "Target Support Files/Pods-Outstagram/Pods-Outstagram.debug.xcconfig"; sourceTree = "<group>"; };
/* End PBXFileReference section */

/* Begin PBXFrameworksBuildPhase section */
		75F5C77127743C8300841148 /* Frameworks */ = {
			isa = PBXFrameworksBuildPhase;
			buildActionMask = 2147483647;
			files = (
				4069380EB3CFFB556EC3A6F8 /* Pods_Outstagram.framework in Frameworks */,
			);
			runOnlyForDeploymentPostprocessing = 0;
		};
/* End PBXFrameworksBuildPhase section */

/* Begin PBXGroup section */
		001E1305342860F749D7143A /* Pods */ = {
			isa = PBXGroup;
			children = (
				F3A1AC708762202524684F5D /* Pods-Outstagram.debug.xcconfig */,
				F2C01FB3718D68ACD74B8D9E /* Pods-Outstagram.release.xcconfig */,
			);
			path = Pods;
			sourceTree = "<group>";
		};
		750E6B0D277564A500FA57FD /* Scenes */ = {
			isa = PBXGroup;
			children = (
				750E6B122775957E00FA57FD /* Feed */,
				750E6B0B2775649300FA57FD /* TabBarController.swift */,
				750E6B132775958D00FA57FD /* Profile */,
			);
			path = Scenes;
			sourceTree = "<group>";
		};
		750E6B122775957E00FA57FD /* Feed */ = {
			isa = PBXGroup;
			children = (
				75F5C77B27743C8300841148 /* FeedViewController.swift */,
				750E6B0E2775690300FA57FD /* FeedTableViewCell.swift */,
				758FFCFA277AD95D00C7133D /* UploadViewController.swift */,
			);
			path = Feed;
			sourceTree = "<group>";
		};
		750E6B132775958D00FA57FD /* Profile */ = {
			isa = PBXGroup;
			children = (
				750E6B14277595A500FA57FD /* ProfileViewController.swift */,
				750E6B1627759B0800FA57FD /* ProfileDataView.swift */,
				750E6B182775A03200FA57FD /* ProfileCollectionViewCell.swift */,
			);
			path = Profile;
			sourceTree = "<group>";
		};
		75F5C76B27743C8300841148 = {
			isa = PBXGroup;
			children = (
				75F5C77627743C8300841148 /* Outstagram */,
				75F5C77527743C8300841148 /* Products */,
				001E1305342860F749D7143A /* Pods */,
				D19C99DAFFDDD8A404ABDED7 /* Frameworks */,
			);
			sourceTree = "<group>";
		};
		75F5C77527743C8300841148 /* Products */ = {
			isa = PBXGroup;
			children = (
				75F5C77427743C8300841148 /* Outstagram.app */,
			);
			name = Products;
			sourceTree = "<group>";
		};
		75F5C77627743C8300841148 /* Outstagram */ = {
			isa = PBXGroup;
			children = (
				75F5C77727743C8300841148 /* AppDelegate.swift */,
				75F5C77927743C8300841148 /* SceneDelegate.swift */,
				750E6B10277570FF00FA57FD /* UIButton+.swift */,
				750E6B0D277564A500FA57FD /* Scenes */,
				75F5C78027743C8600841148 /* Assets.xcassets */,
				75F5C78227743C8600841148 /* LaunchScreen.storyboard */,
				75F5C78527743C8600841148 /* Info.plist */,
			);
			path = Outstagram;
			sourceTree = "<group>";
		};
		D19C99DAFFDDD8A404ABDED7 /* Frameworks */ = {
			isa = PBXGroup;
			children = (
				2CB2EF13B5D7EB8A5730C6D1 /* Pods_Outstagram.framework */,
			);
			name = Frameworks;
			sourceTree = "<group>";
		};
/* End PBXGroup section */

/* Begin PBXNativeTarget section */
		75F5C77327743C8300841148 /* Outstagram */ = {
			isa = PBXNativeTarget;
			buildConfigurationList = 75F5C78827743C8600841148 /* Build configuration list for PBXNativeTarget "Outstagram" */;
			buildPhases = (
				F724D99C7C0F3B5A2B921F10 /* [CP] Check Pods Manifest.lock */,
				75F5C77027743C8300841148 /* Sources */,
				75F5C77127743C8300841148 /* Frameworks */,
				75F5C77227743C8300841148 /* Resources */,
				362236167EA773F4B5F5ED5B /* [CP] Embed Pods Frameworks */,
			);
			buildRules = (
			);
			dependencies = (
			);
			name = Outstagram;
			productName = Outstagram;
			productReference = 75F5C77427743C8300841148 /* Outstagram.app */;
			productType = "com.apple.product-type.application";
		};
/* End PBXNativeTarget section */

/* Begin PBXProject section */
		75F5C76C27743C8300841148 /* Project object */ = {
			isa = PBXProject;
			attributes = {
				BuildIndependentTargetsInParallel = 1;
				LastSwiftUpdateCheck = 1320;
				LastUpgradeCheck = 1320;
				TargetAttributes = {
					75F5C77327743C8300841148 = {
						CreatedOnToolsVersion = 13.2;
					};
				};
			};
			buildConfigurationList = 75F5C76F27743C8300841148 /* Build configuration list for PBXProject "Outstagram" */;
			compatibilityVersion = "Xcode 13.0";
			developmentRegion = en;
			hasScannedForEncodings = 0;
			knownRegions = (
				en,
				Base,
			);
			mainGroup = 75F5C76B27743C8300841148;
			productRefGroup = 75F5C77527743C8300841148 /* Products */;
			projectDirPath = "";
			projectRoot = "";
			targets = (
				75F5C77327743C8300841148 /* Outstagram */,
			);
		};
/* End PBXProject section */

/* Begin PBXResourcesBuildPhase section */
		75F5C77227743C8300841148 /* Resources */ = {
			isa = PBXResourcesBuildPhase;
			buildActionMask = 2147483647;
			files = (
				75F5C78427743C8600841148 /* LaunchScreen.storyboard in Resources */,
				75F5C78127743C8600841148 /* Assets.xcassets in Resources */,
			);
			runOnlyForDeploymentPostprocessing = 0;
		};
/* End PBXResourcesBuildPhase section */

/* Begin PBXShellScriptBuildPhase section */
		362236167EA773F4B5F5ED5B /* [CP] Embed Pods Frameworks */ = {
			isa = PBXShellScriptBuildPhase;
			buildActionMask = 2147483647;
			files = (
			);
			inputFileListPaths = (
				"${PODS_ROOT}/Target Support Files/Pods-Outstagram/Pods-Outstagram-frameworks-${CONFIGURATION}-input-files.xcfilelist",
			);
			name = "[CP] Embed Pods Frameworks";
			outputFileListPaths = (
				"${PODS_ROOT}/Target Support Files/Pods-Outstagram/Pods-Outstagram-frameworks-${CONFIGURATION}-output-files.xcfilelist",
			);
			runOnlyForDeploymentPostprocessing = 0;
			shellPath = /bin/sh;
			shellScript = "\"${PODS_ROOT}/Target Support Files/Pods-Outstagram/Pods-Outstagram-frameworks.sh\"\n";
			showEnvVarsInLog = 0;
		};
		F724D99C7C0F3B5A2B921F10 /* [CP] Check Pods Manifest.lock */ = {
			isa = PBXShellScriptBuildPhase;
			buildActionMask = 2147483647;
			files = (
			);
			inputFileListPaths = (
			);
			inputPaths = (
				"${PODS_PODFILE_DIR_PATH}/Podfile.lock",
				"${PODS_ROOT}/Manifest.lock",
			);
			name = "[CP] Check Pods Manifest.lock";
			outputFileListPaths = (
			);
			outputPaths = (
				"$(DERIVED_FILE_DIR)/Pods-Outstagram-checkManifestLockResult.txt",
			);
			runOnlyForDeploymentPostprocessing = 0;
			shellPath = /bin/sh;
			shellScript = "diff \"${PODS_PODFILE_DIR_PATH}/Podfile.lock\" \"${PODS_ROOT}/Manifest.lock\" > /dev/null\nif [ $? != 0 ] ; then\n    # print error to STDERR\n    echo \"error: The sandbox is not in sync with the Podfile.lock. Run 'pod install' or update your CocoaPods installation.\" >&2\n    exit 1\nfi\n# This output is used by Xcode 'outputs' to avoid re-running this script phase.\necho \"SUCCESS\" > \"${SCRIPT_OUTPUT_FILE_0}\"\n";
			showEnvVarsInLog = 0;
		};
/* End PBXShellScriptBuildPhase section */

/* Begin PBXSourcesBuildPhase section */
		75F5C77027743C8300841148 /* Sources */ = {
			isa = PBXSourcesBuildPhase;
			buildActionMask = 2147483647;
			files = (
				75F5C77C27743C8300841148 /* FeedViewController.swift in Sources */,
				758FFCFB277AD95D00C7133D /* UploadViewController.swift in Sources */,
				750E6B192775A03200FA57FD /* ProfileCollectionViewCell.swift in Sources */,
				750E6B11277570FF00FA57FD /* UIButton+.swift in Sources */,
				750E6B0C2775649300FA57FD /* TabBarController.swift in Sources */,
				75F5C77827743C8300841148 /* AppDelegate.swift in Sources */,
				750E6B15277595A500FA57FD /* ProfileViewController.swift in Sources */,
				75F5C77A27743C8300841148 /* SceneDelegate.swift in Sources */,
				750E6B1727759B0800FA57FD /* ProfileDataView.swift in Sources */,
				750E6B0F2775690300FA57FD /* FeedTableViewCell.swift in Sources */,
			);
			runOnlyForDeploymentPostprocessing = 0;
		};
/* End PBXSourcesBuildPhase section */

/* Begin PBXVariantGroup section */
		75F5C78227743C8600841148 /* LaunchScreen.storyboard */ = {
			isa = PBXVariantGroup;
			children = (
				75F5C78327743C8600841148 /* Base */,
			);
			name = LaunchScreen.storyboard;
			sourceTree = "<group>";
		};
/* End PBXVariantGroup section */

/* Begin XCBuildConfiguration section */
		75F5C78627743C8600841148 /* Debug */ = {
			isa = XCBuildConfiguration;
			buildSettings = {
				ALWAYS_SEARCH_USER_PATHS = NO;
				CLANG_ANALYZER_NONNULL = YES;
				CLANG_ANALYZER_NUMBER_OBJECT_CONVERSION = YES_AGGRESSIVE;
				CLANG_CXX_LANGUAGE_STANDARD = "gnu++17";
				CLANG_CXX_LIBRARY = "libc++";
				CLANG_ENABLE_MODULES = YES;
				CLANG_ENABLE_OBJC_ARC = YES;
				CLANG_ENABLE_OBJC_WEAK = YES;
				CLANG_WARN_BLOCK_CAPTURE_AUTORELEASING = YES;
				CLANG_WARN_BOOL_CONVERSION = YES;
				CLANG_WARN_COMMA = YES;
				CLANG_WARN_CONSTANT_CONVERSION = YES;
				CLANG_WARN_DEPRECATED_OBJC_IMPLEMENTATIONS = YES;
				CLANG_WARN_DIRECT_OBJC_ISA_USAGE = YES_ERROR;
				CLANG_WARN_DOCUMENTATION_COMMENTS = YES;
				CLANG_WARN_EMPTY_BODY = YES;
				CLANG_WARN_ENUM_CONVERSION = YES;
				CLANG_WARN_INFINITE_RECURSION = YES;
				CLANG_WARN_INT_CONVERSION = YES;
				CLANG_WARN_NON_LITERAL_NULL_CONVERSION = YES;
				CLANG_WARN_OBJC_IMPLICIT_RETAIN_SELF = YES;
				CLANG_WARN_OBJC_LITERAL_CONVERSION = YES;
				CLANG_WARN_OBJC_ROOT_CLASS = YES_ERROR;
				CLANG_WARN_QUOTED_INCLUDE_IN_FRAMEWORK_HEADER = YES;
				CLANG_WARN_RANGE_LOOP_ANALYSIS = YES;
				CLANG_WARN_STRICT_PROTOTYPES = YES;
				CLANG_WARN_SUSPICIOUS_MOVE = YES;
				CLANG_WARN_UNGUARDED_AVAILABILITY = YES_AGGRESSIVE;
				CLANG_WARN_UNREACHABLE_CODE = YES;
				CLANG_WARN__DUPLICATE_METHOD_MATCH = YES;
				COPY_PHASE_STRIP = NO;
				DEBUG_INFORMATION_FORMAT = dwarf;
				ENABLE_STRICT_OBJC_MSGSEND = YES;
				ENABLE_TESTABILITY = YES;
				GCC_C_LANGUAGE_STANDARD = gnu11;
				GCC_DYNAMIC_NO_PIC = NO;
				GCC_NO_COMMON_BLOCKS = YES;
				GCC_OPTIMIZATION_LEVEL = 0;
				GCC_PREPROCESSOR_DEFINITIONS = (
					"DEBUG=1",
					"$(inherited)",
				);
				GCC_WARN_64_TO_32_BIT_CONVERSION = YES;
				GCC_WARN_ABOUT_RETURN_TYPE = YES_ERROR;
				GCC_WARN_UNDECLARED_SELECTOR = YES;
				GCC_WARN_UNINITIALIZED_AUTOS = YES_AGGRESSIVE;
				GCC_WARN_UNUSED_FUNCTION = YES;
				GCC_WARN_UNUSED_VARIABLE = YES;
				IPHONEOS_DEPLOYMENT_TARGET = 15.2;
				MTL_ENABLE_DEBUG_INFO = INCLUDE_SOURCE;
				MTL_FAST_MATH = YES;
				ONLY_ACTIVE_ARCH = YES;
				SDKROOT = iphoneos;
				SWIFT_ACTIVE_COMPILATION_CONDITIONS = DEBUG;
				SWIFT_OPTIMIZATION_LEVEL = "-Onone";
			};
			name = Debug;
		};
		75F5C78727743C8600841148 /* Release */ = {
			isa = XCBuildConfiguration;
			buildSettings = {
				ALWAYS_SEARCH_USER_PATHS = NO;
				CLANG_ANALYZER_NONNULL = YES;
				CLANG_ANALYZER_NUMBER_OBJECT_CONVERSION = YES_AGGRESSIVE;
				CLANG_CXX_LANGUAGE_STANDARD = "gnu++17";
				CLANG_CXX_LIBRARY = "libc++";
				CLANG_ENABLE_MODULES = YES;
				CLANG_ENABLE_OBJC_ARC = YES;
				CLANG_ENABLE_OBJC_WEAK = YES;
				CLANG_WARN_BLOCK_CAPTURE_AUTORELEASING = YES;
				CLANG_WARN_BOOL_CONVERSION = YES;
				CLANG_WARN_COMMA = YES;
				CLANG_WARN_CONSTANT_CONVERSION = YES;
				CLANG_WARN_DEPRECATED_OBJC_IMPLEMENTATIONS = YES;
				CLANG_WARN_DIRECT_OBJC_ISA_USAGE = YES_ERROR;
				CLANG_WARN_DOCUMENTATION_COMMENTS = YES;
				CLANG_WARN_EMPTY_BODY = YES;
				CLANG_WARN_ENUM_CONVERSION = YES;
				CLANG_WARN_INFINITE_RECURSION = YES;
				CLANG_WARN_INT_CONVERSION = YES;
				CLANG_WARN_NON_LITERAL_NULL_CONVERSION = YES;
				CLANG_WARN_OBJC_IMPLICIT_RETAIN_SELF = YES;
				CLANG_WARN_OBJC_LITERAL_CONVERSION = YES;
				CLANG_WARN_OBJC_ROOT_CLASS = YES_ERROR;
				CLANG_WARN_QUOTED_INCLUDE_IN_FRAMEWORK_HEADER = YES;
				CLANG_WARN_RANGE_LOOP_ANALYSIS = YES;
				CLANG_WARN_STRICT_PROTOTYPES = YES;
				CLANG_WARN_SUSPICIOUS_MOVE = YES;
				CLANG_WARN_UNGUARDED_AVAILABILITY = YES_AGGRESSIVE;
				CLANG_WARN_UNREACHABLE_CODE = YES;
				CLANG_WARN__DUPLICATE_METHOD_MATCH = YES;
				COPY_PHASE_STRIP = NO;
				DEBUG_INFORMATION_FORMAT = "dwarf-with-dsym";
				ENABLE_NS_ASSERTIONS = NO;
				ENABLE_STRICT_OBJC_MSGSEND = YES;
				GCC_C_LANGUAGE_STANDARD = gnu11;
				GCC_NO_COMMON_BLOCKS = YES;
				GCC_WARN_64_TO_32_BIT_CONVERSION = YES;
				GCC_WARN_ABOUT_RETURN_TYPE = YES_ERROR;
				GCC_WARN_UNDECLARED_SELECTOR = YES;
				GCC_WARN_UNINITIALIZED_AUTOS = YES_AGGRESSIVE;
				GCC_WARN_UNUSED_FUNCTION = YES;
				GCC_WARN_UNUSED_VARIABLE = YES;
				IPHONEOS_DEPLOYMENT_TARGET = 15.2;
				MTL_ENABLE_DEBUG_INFO = NO;
				MTL_FAST_MATH = YES;
				SDKROOT = iphoneos;
				SWIFT_COMPILATION_MODE = wholemodule;
				SWIFT_OPTIMIZATION_LEVEL = "-O";
				VALIDATE_PRODUCT = YES;
			};
			name = Release;
		};
		75F5C78927743C8600841148 /* Debug */ = {
			isa = XCBuildConfiguration;
			baseConfigurationReference = F3A1AC708762202524684F5D /* Pods-Outstagram.debug.xcconfig */;
			buildSettings = {
				ASSETCATALOG_COMPILER_APPICON_NAME = AppIcon;
				ASSETCATALOG_COMPILER_GLOBAL_ACCENT_COLOR_NAME = AccentColor;
				CODE_SIGN_STYLE = Automatic;
				CURRENT_PROJECT_VERSION = 1;
				DEVELOPMENT_TEAM = 3RM3LNF73R;
				GENERATE_INFOPLIST_FILE = YES;
				INFOPLIST_FILE = Outstagram/Info.plist;
				INFOPLIST_KEY_NSMainNibFile = "";
				INFOPLIST_KEY_UIApplicationSupportsIndirectInputEvents = YES;
				INFOPLIST_KEY_UILaunchStoryboardName = LaunchScreen;
				INFOPLIST_KEY_UISupportedInterfaceOrientations_iPad = "UIInterfaceOrientationPortrait UIInterfaceOrientationPortraitUpsideDown UIInterfaceOrientationLandscapeLeft UIInterfaceOrientationLandscapeRight";
				INFOPLIST_KEY_UISupportedInterfaceOrientations_iPhone = "UIInterfaceOrientationPortrait UIInterfaceOrientationLandscapeLeft UIInterfaceOrientationLandscapeRight";
				LD_RUNPATH_SEARCH_PATHS = (
					"$(inherited)",
					"@executable_path/Frameworks",
				);
				MARKETING_VERSION = 1.0;
				PRODUCT_BUNDLE_IDENTIFIER = snplab.test.Outstagram;
				PRODUCT_NAME = "$(TARGET_NAME)";
				SWIFT_EMIT_LOC_STRINGS = YES;
				SWIFT_VERSION = 5.0;
				TARGETED_DEVICE_FAMILY = "1,2";
			};
			name = Debug;
		};
		75F5C78A27743C8600841148 /* Release */ = {
			isa = XCBuildConfiguration;
			baseConfigurationReference = F2C01FB3718D68ACD74B8D9E /* Pods-Outstagram.release.xcconfig */;
			buildSettings = {
				ASSETCATALOG_COMPILER_APPICON_NAME = AppIcon;
				ASSETCATALOG_COMPILER_GLOBAL_ACCENT_COLOR_NAME = AccentColor;
				CODE_SIGN_STYLE = Automatic;
				CURRENT_PROJECT_VERSION = 1;
				DEVELOPMENT_TEAM = 3RM3LNF73R;
				GENERATE_INFOPLIST_FILE = YES;
				INFOPLIST_FILE = Outstagram/Info.plist;
				INFOPLIST_KEY_NSMainNibFile = "";
				INFOPLIST_KEY_UIApplicationSupportsIndirectInputEvents = YES;
				INFOPLIST_KEY_UILaunchStoryboardName = LaunchScreen;
				INFOPLIST_KEY_UISupportedInterfaceOrientations_iPad = "UIInterfaceOrientationPortrait UIInterfaceOrientationPortraitUpsideDown UIInterfaceOrientationLandscapeLeft UIInterfaceOrientationLandscapeRight";
				INFOPLIST_KEY_UISupportedInterfaceOrientations_iPhone = "UIInterfaceOrientationPortrait UIInterfaceOrientationLandscapeLeft UIInterfaceOrientationLandscapeRight";
				LD_RUNPATH_SEARCH_PATHS = (
					"$(inherited)",
					"@executable_path/Frameworks",
				);
				MARKETING_VERSION = 1.0;
				PRODUCT_BUNDLE_IDENTIFIER = snplab.test.Outstagram;
				PRODUCT_NAME = "$(TARGET_NAME)";
				SWIFT_EMIT_LOC_STRINGS = YES;
				SWIFT_VERSION = 5.0;
				TARGETED_DEVICE_FAMILY = "1,2";
			};
			name = Release;
		};
/* End XCBuildConfiguration section */

/* Begin XCConfigurationList section */
		75F5C76F27743C8300841148 /* Build configuration list for PBXProject "Outstagram" */ = {
			isa = XCConfigurationList;
			buildConfigurations = (
				75F5C78627743C8600841148 /* Debug */,
				75F5C78727743C8600841148 /* Release */,
			);
			defaultConfigurationIsVisible = 0;
			defaultConfigurationName = Release;
		};
		75F5C78827743C8600841148 /* Build configuration list for PBXNativeTarget "Outstagram" */ = {
			isa = XCConfigurationList;
			buildConfigurations = (
				75F5C78927743C8600841148 /* Debug */,
				75F5C78A27743C8600841148 /* Release */,
			);
			defaultConfigurationIsVisible = 0;
			defaultConfigurationName = Release;
		};
/* End XCConfigurationList section */
	};
	rootObject = 75F5C76C27743C8300841148 /* Project object */;
}
